// !$*UTF8*$!
{
	archiveVersion = 1;
	classes = {
	};
	objectVersion = 56;
	objects = {

/* Begin PBXBuildFile section */
		FBE078812AEDBA75009CB693 /* qweApp.swift in Sources */ = {isa = PBXBuildFile; fileRef = FBE078802AEDBA75009CB693 /* qweApp.swift */; };
		FBE078832AEDBA75009CB693 /* ContentView.swift in Sources */ = {isa = PBXBuildFile; fileRef = FBE078822AEDBA75009CB693 /* ContentView.swift */; };
		FBE078852AEDBA79009CB693 /* Assets.xcassets in Resources */ = {isa = PBXBuildFile; fileRef = FBE078842AEDBA79009CB693 /* Assets.xcassets */; };
		FBE078882AEDBA79009CB693 /* Preview Assets.xcassets in Resources */ = {isa = PBXBuildFile; fileRef = FBE078872AEDBA79009CB693 /* Preview Assets.xcassets */; };
		FBE078922AEDBA7A009CB693 /* qweTests.swift in Sources */ = {isa = PBXBuildFile; fileRef = FBE078912AEDBA7A009CB693 /* qweTests.swift */; };
		FBE0789C2AEDBA7A009CB693 /* qweUITests.swift in Sources */ = {isa = PBXBuildFile; fileRef = FBE0789B2AEDBA7A009CB693 /* qweUITests.swift */; };
		FBE0789E2AEDBA7A009CB693 /* qweUITestsLaunchTests.swift in Sources */ = {isa = PBXBuildFile; fileRef = FBE0789D2AEDBA7A009CB693 /* qweUITestsLaunchTests.swift */; };
/* End PBXBuildFile section */

/* Begin PBXContainerItemProxy section */
		FBE0788E2AEDBA7A009CB693 /* PBXContainerItemProxy */ = {
			isa = PBXContainerItemProxy;
			containerPortal = FBE078752AEDBA75009CB693 /* Project object */;
			proxyType = 1;
			remoteGlobalIDString = FBE0787C2AEDBA75009CB693;
			remoteInfo = qwe;
		};
		FBE078982AEDBA7A009CB693 /* PBXContainerItemProxy */ = {
			isa = PBXContainerItemProxy;
			containerPortal = FBE078752AEDBA75009CB693 /* Project object */;
			proxyType = 1;
			remoteGlobalIDString = FBE0787C2AEDBA75009CB693;
			remoteInfo = qwe;
		};
/* End PBXContainerItemProxy section */

/* Begin PBXFileReference section */
		FBE0787D2AEDBA75009CB693 /* qwe.app */ = {isa = PBXFileReference; explicitFileType = wrapper.application; includeInIndex = 0; path = qwe.app; sourceTree = BUILT_PRODUCTS_DIR; };
		FBE078802AEDBA75009CB693 /* qweApp.swift */ = {isa = PBXFileReference; lastKnownFileType = sourcecode.swift; path = qweApp.swift; sourceTree = "<group>"; };
		FBE078822AEDBA75009CB693 /* ContentView.swift */ = {isa = PBXFileReference; lastKnownFileType = sourcecode.swift; path = ContentView.swift; sourceTree = "<group>"; };
		FBE078842AEDBA79009CB693 /* Assets.xcassets */ = {isa = PBXFileReference; lastKnownFileType = folder.assetcatalog; path = Assets.xcassets; sourceTree = "<group>"; };
		FBE078872AEDBA79009CB693 /* Preview Assets.xcassets */ = {isa = PBXFileReference; lastKnownFileType = folder.assetcatalog; path = "Preview Assets.xcassets"; sourceTree = "<group>"; };
		FBE0788D2AEDBA7A009CB693 /* qweTests.xctest */ = {isa = PBXFileReference; explicitFileType = wrapper.cfbundle; includeInIndex = 0; path = qweTests.xctest; sourceTree = BUILT_PRODUCTS_DIR; };
		FBE078912AEDBA7A009CB693 /* qweTests.swift */ = {isa = PBXFileReference; lastKnownFileType = sourcecode.swift; path = qweTests.swift; sourceTree = "<group>"; };
		FBE078972AEDBA7A009CB693 /* qweUITests.xctest */ = {isa = PBXFileReference; explicitFileType = wrapper.cfbundle; includeInIndex = 0; path = qweUITests.xctest; sourceTree = BUILT_PRODUCTS_DIR; };
		FBE0789B2AEDBA7A009CB693 /* qweUITests.swift */ = {isa = PBXFileReference; lastKnownFileType = sourcecode.swift; path = qweUITests.swift; sourceTree = "<group>"; };
		FBE0789D2AEDBA7A009CB693 /* qweUITestsLaunchTests.swift */ = {isa = PBXFileReference; lastKnownFileType = sourcecode.swift; path = qweUITestsLaunchTests.swift; sourceTree = "<group>"; };
/* End PBXFileReference section */

/* Begin PBXFrameworksBuildPhase section */
		FBE0787A2AEDBA75009CB693 /* Frameworks */ = {
			isa = PBXFrameworksBuildPhase;
			buildActionMask = 2147483647;
			files = (
			);
			runOnlyForDeploymentPostprocessing = 0;
		};
		FBE0788A2AEDBA7A009CB693 /* Frameworks */ = {
			isa = PBXFrameworksBuildPhase;
			buildActionMask = 2147483647;
			files = (
			);
			runOnlyForDeploymentPostprocessing = 0;
		};
		FBE078942AEDBA7A009CB693 /* Frameworks */ = {
			isa = PBXFrameworksBuildPhase;
			buildActionMask = 2147483647;
			files = (
			);
			runOnlyForDeploymentPostprocessing = 0;
		};
/* End PBXFrameworksBuildPhase section */

/* Begin PBXGroup section */
		FBE078742AEDBA75009CB693 = {
			isa = PBXGroup;
			children = (
				FBE0787F2AEDBA75009CB693 /* qwe */,
				FBE078902AEDBA7A009CB693 /* qweTests */,
				FBE0789A2AEDBA7A009CB693 /* qweUITests */,
				FBE0787E2AEDBA75009CB693 /* Products */,
			);
			sourceTree = "<group>";
		};
		FBE0787E2AEDBA75009CB693 /* Products */ = {
			isa = PBXGroup;
			children = (
				FBE0787D2AEDBA75009CB693 /* qwe.app */,
				FBE0788D2AEDBA7A009CB693 /* qweTests.xctest */,
				FBE078972AEDBA7A009CB693 /* qweUITests.xctest */,
			);
			name = Products;
			sourceTree = "<group>";
		};
		FBE0787F2AEDBA75009CB693 /* qwe */ = {
			isa = PBXGroup;
			children = (
				FBE078802AEDBA75009CB693 /* qweApp.swift */,
				FBE078822AEDBA75009CB693 /* ContentView.swift */,
				FBE078842AEDBA79009CB693 /* Assets.xcassets */,
				FBE078862AEDBA79009CB693 /* Preview Content */,
			);
			path = qwe;
			sourceTree = "<group>";
		};
		FBE078862AEDBA79009CB693 /* Preview Content */ = {
			isa = PBXGroup;
			children = (
				FBE078872AEDBA79009CB693 /* Preview Assets.xcassets */,
			);
			path = "Preview Content";
			sourceTree = "<group>";
		};
		FBE078902AEDBA7A009CB693 /* qweTests */ = {
			isa = PBXGroup;
			children = (
				FBE078912AEDBA7A009CB693 /* qweTests.swift */,
			);
			path = qweTests;
			sourceTree = "<group>";
		};
		FBE0789A2AEDBA7A009CB693 /* qweUITests */ = {
			isa = PBXGroup;
			children = (
				FBE0789B2AEDBA7A009CB693 /* qweUITests.swift */,
				FBE0789D2AEDBA7A009CB693 /* qweUITestsLaunchTests.swift */,
			);
			path = qweUITests;
			sourceTree = "<group>";
		};
/* End PBXGroup section */

/* Begin PBXNativeTarget section */
		FBE0787C2AEDBA75009CB693 /* qwe */ = {
			isa = PBXNativeTarget;
			buildConfigurationList = FBE078A12AEDBA7A009CB693 /* Build configuration list for PBXNativeTarget "qwe" */;
			buildPhases = (
				FBE078792AEDBA75009CB693 /* Sources */,
				FBE0787A2AEDBA75009CB693 /* Frameworks */,
				FBE0787B2AEDBA75009CB693 /* Resources */,
			);
			buildRules = (
			);
			dependencies = (
			);
			name = qwe;
			productName = qwe;
			productReference = FBE0787D2AEDBA75009CB693 /* qwe.app */;
			productType = "com.apple.product-type.application";
		};
		FBE0788C2AEDBA7A009CB693 /* qweTests */ = {
			isa = PBXNativeTarget;
			buildConfigurationList = FBE078A42AEDBA7A009CB693 /* Build configuration list for PBXNativeTarget "qweTests" */;
			buildPhases = (
				FBE078892AEDBA7A009CB693 /* Sources */,
				FBE0788A2AEDBA7A009CB693 /* Frameworks */,
				FBE0788B2AEDBA7A009CB693 /* Resources */,
			);
			buildRules = (
			);
			dependencies = (
				FBE0788F2AEDBA7A009CB693 /* PBXTargetDependency */,
			);
			name = qweTests;
			productName = qweTests;
			productReference = FBE0788D2AEDBA7A009CB693 /* qweTests.xctest */;
			productType = "com.apple.product-type.bundle.unit-test";
		};
		FBE078962AEDBA7A009CB693 /* qweUITests */ = {
			isa = PBXNativeTarget;
			buildConfigurationList = FBE078A72AEDBA7A009CB693 /* Build configuration list for PBXNativeTarget "qweUITests" */;
			buildPhases = (
				FBE078932AEDBA7A009CB693 /* Sources */,
				FBE078942AEDBA7A009CB693 /* Frameworks */,
				FBE078952AEDBA7A009CB693 /* Resources */,
			);
			buildRules = (
			);
			dependencies = (
				FBE078992AEDBA7A009CB693 /* PBXTargetDependency */,
			);
			name = qweUITests;
			productName = qweUITests;
			productReference = FBE078972AEDBA7A009CB693 /* qweUITests.xctest */;
			productType = "com.apple.product-type.bundle.ui-testing";
		};
/* End PBXNativeTarget section */

/* Begin PBXProject section */
		FBE078752AEDBA75009CB693 /* Project object */ = {
			isa = PBXProject;
			attributes = {
				BuildIndependentTargetsInParallel = 1;
				LastSwiftUpdateCheck = 1500;
				LastUpgradeCheck = 1500;
				TargetAttributes = {
					FBE0787C2AEDBA75009CB693 = {
						CreatedOnToolsVersion = 15.0.1;
					};
					FBE0788C2AEDBA7A009CB693 = {
						CreatedOnToolsVersion = 15.0.1;
						TestTargetID = FBE0787C2AEDBA75009CB693;
					};
					FBE078962AEDBA7A009CB693 = {
						CreatedOnToolsVersion = 15.0.1;
						TestTargetID = FBE0787C2AEDBA75009CB693;
					};
				};
			};
			buildConfigurationList = FBE078782AEDBA75009CB693 /* Build configuration list for PBXProject "qwe" */;
			compatibilityVersion = "Xcode 14.0";
			developmentRegion = en;
			hasScannedForEncodings = 0;
			knownRegions = (
				en,
				Base,
			);
			mainGroup = FBE078742AEDBA75009CB693;
			productRefGroup = FBE0787E2AEDBA75009CB693 /* Products */;
			projectDirPath = "";
			projectRoot = "";
			targets = (
				FBE0787C2AEDBA75009CB693 /* qwe */,
				FBE0788C2AEDBA7A009CB693 /* qweTests */,
				FBE078962AEDBA7A009CB693 /* qweUITests */,
			);
		};
/* End PBXProject section */

/* Begin PBXResourcesBuildPhase section */
		FBE0787B2AEDBA75009CB693 /* Resources */ = {
			isa = PBXResourcesBuildPhase;
			buildActionMask = 2147483647;
			files = (
				FBE078882AEDBA79009CB693 /* Preview Assets.xcassets in Resources */,
				FBE078852AEDBA79009CB693 /* Assets.xcassets in Resources */,
			);
			runOnlyForDeploymentPostprocessing = 0;
		};
		FBE0788B2AEDBA7A009CB693 /* Resources */ = {
			isa = PBXResourcesBuildPhase;
			buildActionMask = 2147483647;
			files = (
			);
			runOnlyForDeploymentPostprocessing = 0;
		};
		FBE078952AEDBA7A009CB693 /* Resources */ = {
			isa = PBXResourcesBuildPhase;
			buildActionMask = 2147483647;
			files = (
			);
			runOnlyForDeploymentPostprocessing = 0;
		};
/* End PBXResourcesBuildPhase section */

/* Begin PBXSourcesBuildPhase section */
		FBE078792AEDBA75009CB693 /* Sources */ = {
			isa = PBXSourcesBuildPhase;
			buildActionMask = 2147483647;
			files = (
				FBE078832AEDBA75009CB693 /* ContentView.swift in Sources */,
				FBE078812AEDBA75009CB693 /* qweApp.swift in Sources */,
			);
			runOnlyForDeploymentPostprocessing = 0;
		};
		FBE078892AEDBA7A009CB693 /* Sources */ = {
			isa = PBXSourcesBuildPhase;
			buildActionMask = 2147483647;
			files = (
				FBE078922AEDBA7A009CB693 /* qweTests.swift in Sources */,
			);
			runOnlyForDeploymentPostprocessing = 0;
		};
		FBE078932AEDBA7A009CB693 /* Sources */ = {
			isa = PBXSourcesBuildPhase;
			buildActionMask = 2147483647;
			files = (
				FBE0789E2AEDBA7A009CB693 /* qweUITestsLaunchTests.swift in Sources */,
				FBE0789C2AEDBA7A009CB693 /* qweUITests.swift in Sources */,
			);
			runOnlyForDeploymentPostprocessing = 0;
		};
/* End PBXSourcesBuildPhase section */

/* Begin PBXTargetDependency section */
		FBE0788F2AEDBA7A009CB693 /* PBXTargetDependency */ = {
			isa = PBXTargetDependency;
			target = FBE0787C2AEDBA75009CB693 /* qwe */;
			targetProxy = FBE0788E2AEDBA7A009CB693 /* PBXContainerItemProxy */;
		};
		FBE078992AEDBA7A009CB693 /* PBXTargetDependency */ = {
			isa = PBXTargetDependency;
			target = FBE0787C2AEDBA75009CB693 /* qwe */;
			targetProxy = FBE078982AEDBA7A009CB693 /* PBXContainerItemProxy */;
		};
/* End PBXTargetDependency section */

/* Begin XCBuildConfiguration section */
		FBE0789F2AEDBA7A009CB693 /* Debug */ = {
			isa = XCBuildConfiguration;
			buildSettings = {
				ALWAYS_SEARCH_USER_PATHS = NO;
				ASSETCATALOG_COMPILER_GENERATE_SWIFT_ASSET_SYMBOL_EXTENSIONS = YES;
				CLANG_ANALYZER_NONNULL = YES;
				CLANG_ANALYZER_NUMBER_OBJECT_CONVERSION = YES_AGGRESSIVE;
				CLANG_CXX_LANGUAGE_STANDARD = "gnu++20";
				CLANG_ENABLE_MODULES = YES;
				CLANG_ENABLE_OBJC_ARC = YES;
				CLANG_ENABLE_OBJC_WEAK = YES;
				CLANG_WARN_BLOCK_CAPTURE_AUTORELEASING = YES;
				CLANG_WARN_BOOL_CONVERSION = YES;
				CLANG_WARN_COMMA = YES;
				CLANG_WARN_CONSTANT_CONVERSION = YES;
				CLANG_WARN_DEPRECATED_OBJC_IMPLEMENTATIONS = YES;
				CLANG_WARN_DIRECT_OBJC_ISA_USAGE = YES_ERROR;
				CLANG_WARN_DOCUMENTATION_COMMENTS = YES;
				CLANG_WARN_EMPTY_BODY = YES;
				CLANG_WARN_ENUM_CONVERSION = YES;
				CLANG_WARN_INFINITE_RECURSION = YES;
				CLANG_WARN_INT_CONVERSION = YES;
				CLANG_WARN_NON_LITERAL_NULL_CONVERSION = YES;
				CLANG_WARN_OBJC_IMPLICIT_RETAIN_SELF = YES;
				CLANG_WARN_OBJC_LITERAL_CONVERSION = YES;
				CLANG_WARN_OBJC_ROOT_CLASS = YES_ERROR;
				CLANG_WARN_QUOTED_INCLUDE_IN_FRAMEWORK_HEADER = YES;
				CLANG_WARN_RANGE_LOOP_ANALYSIS = YES;
				CLANG_WARN_STRICT_PROTOTYPES = YES;
				CLANG_WARN_SUSPICIOUS_MOVE = YES;
				CLANG_WARN_UNGUARDED_AVAILABILITY = YES_AGGRESSIVE;
				CLANG_WARN_UNREACHABLE_CODE = YES;
				CLANG_WARN__DUPLICATE_METHOD_MATCH = YES;
				COPY_PHASE_STRIP = NO;
				DEBUG_INFORMATION_FORMAT = dwarf;
				ENABLE_STRICT_OBJC_MSGSEND = YES;
				ENABLE_TESTABILITY = YES;
				ENABLE_USER_SCRIPT_SANDBOXING = YES;
				GCC_C_LANGUAGE_STANDARD = gnu17;
				GCC_DYNAMIC_NO_PIC = NO;
				GCC_NO_COMMON_BLOCKS = YES;
				GCC_OPTIMIZATION_LEVEL = 0;
				GCC_PREPROCESSOR_DEFINITIONS = (
					"DEBUG=1",
					"$(inherited)",
				);
				GCC_WARN_64_TO_32_BIT_CONVERSION = YES;
				GCC_WARN_ABOUT_RETURN_TYPE = YES_ERROR;
				GCC_WARN_UNDECLARED_SELECTOR = YES;
				GCC_WARN_UNINITIALIZED_AUTOS = YES_AGGRESSIVE;
				GCC_WARN_UNUSED_FUNCTION = YES;
				GCC_WARN_UNUSED_VARIABLE = YES;
				IPHONEOS_DEPLOYMENT_TARGET = 17.0;
				LOCALIZATION_PREFERS_STRING_CATALOGS = YES;
				MTL_ENABLE_DEBUG_INFO = INCLUDE_SOURCE;
				MTL_FAST_MATH = YES;
				ONLY_ACTIVE_ARCH = YES;
				SDKROOT = iphoneos;
				SWIFT_ACTIVE_COMPILATION_CONDITIONS = "DEBUG $(inherited)";
				SWIFT_OPTIMIZATION_LEVEL = "-Onone";
			};
			name = Debug;
		};
		FBE078A02AEDBA7A009CB693 /* Release */ = {
			isa = XCBuildConfiguration;
			buildSettings = {
				ALWAYS_SEARCH_USER_PATHS = NO;
				ASSETCATALOG_COMPILER_GENERATE_SWIFT_ASSET_SYMBOL_EXTENSIONS = YES;
				CLANG_ANALYZER_NONNULL = YES;
				CLANG_ANALYZER_NUMBER_OBJECT_CONVERSION = YES_AGGRESSIVE;
				CLANG_CXX_LANGUAGE_STANDARD = "gnu++20";
				CLANG_ENABLE_MODULES = YES;
				CLANG_ENABLE_OBJC_ARC = YES;
				CLANG_ENABLE_OBJC_WEAK = YES;
				CLANG_WARN_BLOCK_CAPTURE_AUTORELEASING = YES;
				CLANG_WARN_BOOL_CONVERSION = YES;
				CLANG_WARN_COMMA = YES;
				CLANG_WARN_CONSTANT_CONVERSION = YES;
				CLANG_WARN_DEPRECATED_OBJC_IMPLEMENTATIONS = YES;
				CLANG_WARN_DIRECT_OBJC_ISA_USAGE = YES_ERROR;
				CLANG_WARN_DOCUMENTATION_COMMENTS = YES;
				CLANG_WARN_EMPTY_BODY = YES;
				CLANG_WARN_ENUM_CONVERSION = YES;
				CLANG_WARN_INFINITE_RECURSION = YES;
				CLANG_WARN_INT_CONVERSION = YES;
				CLANG_WARN_NON_LITERAL_NULL_CONVERSION = YES;
				CLANG_WARN_OBJC_IMPLICIT_RETAIN_SELF = YES;
				CLANG_WARN_OBJC_LITERAL_CONVERSION = YES;
				CLANG_WARN_OBJC_ROOT_CLASS = YES_ERROR;
				CLANG_WARN_QUOTED_INCLUDE_IN_FRAMEWORK_HEADER = YES;
				CLANG_WARN_RANGE_LOOP_ANALYSIS = YES;
				CLANG_WARN_STRICT_PROTOTYPES = YES;
				CLANG_WARN_SUSPICIOUS_MOVE = YES;
				CLANG_WARN_UNGUARDED_AVAILABILITY = YES_AGGRESSIVE;
				CLANG_WARN_UNREACHABLE_CODE = YES;
				CLANG_WARN__DUPLICATE_METHOD_MATCH = YES;
				COPY_PHASE_STRIP = NO;
				DEBUG_INFORMATION_FORMAT = "dwarf-with-dsym";
				ENABLE_NS_ASSERTIONS = NO;
				ENABLE_STRICT_OBJC_MSGSEND = YES;
				ENABLE_USER_SCRIPT_SANDBOXING = YES;
				GCC_C_LANGUAGE_STANDARD = gnu17;
				GCC_NO_COMMON_BLOCKS = YES;
				GCC_WARN_64_TO_32_BIT_CONVERSION = YES;
				GCC_WARN_ABOUT_RETURN_TYPE = YES_ERROR;
				GCC_WARN_UNDECLARED_SELECTOR = YES;
				GCC_WARN_UNINITIALIZED_AUTOS = YES_AGGRESSIVE;
				GCC_WARN_UNUSED_FUNCTION = YES;
				GCC_WARN_UNUSED_VARIABLE = YES;
				IPHONEOS_DEPLOYMENT_TARGET = 17.0;
				LOCALIZATION_PREFERS_STRING_CATALOGS = YES;
				MTL_ENABLE_DEBUG_INFO = NO;
				MTL_FAST_MATH = YES;
				SDKROOT = iphoneos;
				SWIFT_COMPILATION_MODE = wholemodule;
				VALIDATE_PRODUCT = YES;
			};
			name = Release;
		};
		FBE078A22AEDBA7A009CB693 /* Debug */ = {
			isa = XCBuildConfiguration;
			buildSettings = {
				ASSETCATALOG_COMPILER_APPICON_NAME = AppIcon;
				ASSETCATALOG_COMPILER_GLOBAL_ACCENT_COLOR_NAME = AccentColor;
				CODE_SIGN_STYLE = Automatic;
				CURRENT_PROJECT_VERSION = 1;
				DEVELOPMENT_ASSET_PATHS = "\"qwe/Preview Content\"";
				DEVELOPMENT_TEAM = XXPT9834YZ;
				ENABLE_PREVIEWS = YES;
				GENERATE_INFOPLIST_FILE = YES;
				INFOPLIST_KEY_UIApplicationSceneManifest_Generation = YES;
				INFOPLIST_KEY_UIApplicationSupportsIndirectInputEvents = YES;
				INFOPLIST_KEY_UILaunchScreen_Generation = YES;
				INFOPLIST_KEY_UISupportedInterfaceOrientations_iPad = "UIInterfaceOrientationPortrait UIInterfaceOrientationPortraitUpsideDown UIInterfaceOrientationLandscapeLeft UIInterfaceOrientationLandscapeRight";
				INFOPLIST_KEY_UISupportedInterfaceOrientations_iPhone = "UIInterfaceOrientationPortrait UIInterfaceOrientationLandscapeLeft UIInterfaceOrientationLandscapeRight";
				LD_RUNPATH_SEARCH_PATHS = (
					"$(inherited)",
					"@executable_path/Frameworks",
				);
				MARKETING_VERSION = 1.0;
				PRODUCT_BUNDLE_IDENTIFIER = emir.qwe;
				PRODUCT_NAME = "$(TARGET_NAME)";
				SWIFT_EMIT_LOC_STRINGS = YES;
				SWIFT_VERSION = 5.0;
				TARGETED_DEVICE_FAMILY = "1,2";
			};
			name = Debug;
		};
		FBE078A32AEDBA7A009CB693 /* Release */ = {
			isa = XCBuildConfiguration;
			buildSettings = {
				ASSETCATALOG_COMPILER_APPICON_NAME = AppIcon;
				ASSETCATALOG_COMPILER_GLOBAL_ACCENT_COLOR_NAME = AccentColor;
				CODE_SIGN_STYLE = Automatic;
				CURRENT_PROJECT_VERSION = 1;
				DEVELOPMENT_ASSET_PATHS = "\"qwe/Preview Content\"";
				DEVELOPMENT_TEAM = XXPT9834YZ;
				ENABLE_PREVIEWS = YES;
				GENERATE_INFOPLIST_FILE = YES;
				INFOPLIST_KEY_UIApplicationSceneManifest_Generation = YES;
				INFOPLIST_KEY_UIApplicationSupportsIndirectInputEvents = YES;
				INFOPLIST_KEY_UILaunchScreen_Generation = YES;
				INFOPLIST_KEY_UISupportedInterfaceOrientations_iPad = "UIInterfaceOrientationPortrait UIInterfaceOrientationPortraitUpsideDown UIInterfaceOrientationLandscapeLeft UIInterfaceOrientationLandscapeRight";
				INFOPLIST_KEY_UISupportedInterfaceOrientations_iPhone = "UIInterfaceOrientationPortrait UIInterfaceOrientationLandscapeLeft UIInterfaceOrientationLandscapeRight";
				LD_RUNPATH_SEARCH_PATHS = (
					"$(inherited)",
					"@executable_path/Frameworks",
				);
				MARKETING_VERSION = 1.0;
				PRODUCT_BUNDLE_IDENTIFIER = emir.qwe;
				PRODUCT_NAME = "$(TARGET_NAME)";
				SWIFT_EMIT_LOC_STRINGS = YES;
				SWIFT_VERSION = 5.0;
				TARGETED_DEVICE_FAMILY = "1,2";
			};
			name = Release;
		};
		FBE078A52AEDBA7A009CB693 /* Debug */ = {
			isa = XCBuildConfiguration;
			buildSettings = {
				ALWAYS_EMBED_SWIFT_STANDARD_LIBRARIES = YES;
				BUNDLE_LOADER = "$(TEST_HOST)";
				CODE_SIGN_STYLE = Automatic;
				CURRENT_PROJECT_VERSION = 1;
				DEVELOPMENT_TEAM = XXPT9834YZ;
				GENERATE_INFOPLIST_FILE = YES;
				IPHONEOS_DEPLOYMENT_TARGET = 17.0;
				MARKETING_VERSION = 1.0;
				PRODUCT_BUNDLE_IDENTIFIER = emir.qweTests;
				PRODUCT_NAME = "$(TARGET_NAME)";
				SWIFT_EMIT_LOC_STRINGS = NO;
				SWIFT_VERSION = 5.0;
				TARGETED_DEVICE_FAMILY = "1,2";
				TEST_HOST = "$(BUILT_PRODUCTS_DIR)/qwe.app/$(BUNDLE_EXECUTABLE_FOLDER_PATH)/qwe";
			};
			name = Debug;
		};
		FBE078A62AEDBA7A009CB693 /* Release */ = {
			isa = XCBuildConfiguration;
			buildSettings = {
				ALWAYS_EMBED_SWIFT_STANDARD_LIBRARIES = YES;
				BUNDLE_LOADER = "$(TEST_HOST)";
				CODE_SIGN_STYLE = Automatic;
				CURRENT_PROJECT_VERSION = 1;
				DEVELOPMENT_TEAM = XXPT9834YZ;
				GENERATE_INFOPLIST_FILE = YES;
				IPHONEOS_DEPLOYMENT_TARGET = 17.0;
				MARKETING_VERSION = 1.0;
				PRODUCT_BUNDLE_IDENTIFIER = emir.qweTests;
				PRODUCT_NAME = "$(TARGET_NAME)";
				SWIFT_EMIT_LOC_STRINGS = NO;
				SWIFT_VERSION = 5.0;
				TARGETED_DEVICE_FAMILY = "1,2";
				TEST_HOST = "$(BUILT_PRODUCTS_DIR)/qwe.app/$(BUNDLE_EXECUTABLE_FOLDER_PATH)/qwe";
			};
			name = Release;
		};
		FBE078A82AEDBA7A009CB693 /* Debug */ = {
			isa = XCBuildConfiguration;
			buildSettings = {
				ALWAYS_EMBED_SWIFT_STANDARD_LIBRARIES = YES;
				CODE_SIGN_STYLE = Automatic;
				CURRENT_PROJECT_VERSION = 1;
				DEVELOPMENT_TEAM = XXPT9834YZ;
				GENERATE_INFOPLIST_FILE = YES;
				MARKETING_VERSION = 1.0;
				PRODUCT_BUNDLE_IDENTIFIER = emir.qweUITests;
				PRODUCT_NAME = "$(TARGET_NAME)";
				SWIFT_EMIT_LOC_STRINGS = NO;
				SWIFT_VERSION = 5.0;
				TARGETED_DEVICE_FAMILY = "1,2";
				TEST_TARGET_NAME = qwe;
			};
			name = Debug;
		};
		FBE078A92AEDBA7A009CB693 /* Release */ = {
			isa = XCBuildConfiguration;
			buildSettings = {
				ALWAYS_EMBED_SWIFT_STANDARD_LIBRARIES = YES;
				CODE_SIGN_STYLE = Automatic;
				CURRENT_PROJECT_VERSION = 1;
				DEVELOPMENT_TEAM = XXPT9834YZ;
				GENERATE_INFOPLIST_FILE = YES;
				MARKETING_VERSION = 1.0;
				PRODUCT_BUNDLE_IDENTIFIER = emir.qweUITests;
				PRODUCT_NAME = "$(TARGET_NAME)";
				SWIFT_EMIT_LOC_STRINGS = NO;
				SWIFT_VERSION = 5.0;
				TARGETED_DEVICE_FAMILY = "1,2";
				TEST_TARGET_NAME = qwe;
			};
			name = Release;
		};
/* End XCBuildConfiguration section */

/* Begin XCConfigurationList section */
		FBE078782AEDBA75009CB693 /* Build configuration list for PBXProject "qwe" */ = {
			isa = XCConfigurationList;
			buildConfigurations = (
				FBE0789F2AEDBA7A009CB693 /* Debug */,
				FBE078A02AEDBA7A009CB693 /* Release */,
			);
			defaultConfigurationIsVisible = 0;
			defaultConfigurationName = Release;
		};
		FBE078A12AEDBA7A009CB693 /* Build configuration list for PBXNativeTarget "qwe" */ = {
			isa = XCConfigurationList;
			buildConfigurations = (
				FBE078A22AEDBA7A009CB693 /* Debug */,
				FBE078A32AEDBA7A009CB693 /* Release */,
			);
			defaultConfigurationIsVisible = 0;
			defaultConfigurationName = Release;
		};
		FBE078A42AEDBA7A009CB693 /* Build configuration list for PBXNativeTarget "qweTests" */ = {
			isa = XCConfigurationList;
			buildConfigurations = (
				FBE078A52AEDBA7A009CB693 /* Debug */,
				FBE078A62AEDBA7A009CB693 /* Release */,
			);
			defaultConfigurationIsVisible = 0;
			defaultConfigurationName = Release;
		};
		FBE078A72AEDBA7A009CB693 /* Build configuration list for PBXNativeTarget "qweUITests" */ = {
			isa = XCConfigurationList;
			buildConfigurations = (
				FBE078A82AEDBA7A009CB693 /* Debug */,
				FBE078A92AEDBA7A009CB693 /* Release */,
			);
			defaultConfigurationIsVisible = 0;
			defaultConfigurationName = Release;
		};
/* End XCConfigurationList section */
	};
	rootObject = FBE078752AEDBA75009CB693 /* Project object */;
}
